// !$*UTF8*$!
{
	archiveVersion = 1;
	classes = {
	};
	objectVersion = 46;
	objects = {

/* Begin PBXBuildFile section */
		A2AE01E2220A661F003F99D0 /* DefaultBackground.jpg in Resources */ = {isa = PBXBuildFile; fileRef = A2AE01E1220A661F003F99D0 /* DefaultBackground.jpg */; };
		A2AE01E8220B902D003F99D0 /* NSImage+RainyDayAdditions.m in Sources */ = {isa = PBXBuildFile; fileRef = A2AE01E6220B902D003F99D0 /* NSImage+RainyDayAdditions.m */; };
		A2AE01EA220B94E5003F99D0 /* CoreImage.framework in Frameworks */ = {isa = PBXBuildFile; fileRef = A2AE01E9220B94E5003F99D0 /* CoreImage.framework */; };
		A2AE01F6220E5D73003F99D0 /* InfoPlist.strings in Resources */ = {isa = PBXBuildFile; fileRef = A2AE01F8220E5D73003F99D0 /* InfoPlist.strings */; };
		A2AE01FF2211FE85003F99D0 /* NSObject+RainyDayAdditions.h in Headers */ = {isa = PBXBuildFile; fileRef = A2AE01FD2211FE84003F99D0 /* NSObject+RainyDayAdditions.h */; };
		A2AE02002211FE85003F99D0 /* NSObject+RainyDayAdditions.m in Sources */ = {isa = PBXBuildFile; fileRef = A2AE01FE2211FE85003F99D0 /* NSObject+RainyDayAdditions.m */; };
		B714116C190A3FE0005A0B3C /* Cocoa.framework in Frameworks */ = {isa = PBXBuildFile; fileRef = B714116B190A3FE0005A0B3C /* Cocoa.framework */; };
		B714116E190A3FE0005A0B3C /* ScreenSaver.framework in Frameworks */ = {isa = PBXBuildFile; fileRef = B714116D190A3FE0005A0B3C /* ScreenSaver.framework */; };
		B714117C190A3FE0005A0B3C /* MPDRainyDayView.m in Sources */ = {isa = PBXBuildFile; fileRef = B714117B190A3FE0005A0B3C /* MPDRainyDayView.m */; };
/* End PBXBuildFile section */

/* Begin PBXFileReference section */
		A2AE01E1220A661F003F99D0 /* DefaultBackground.jpg */ = {isa = PBXFileReference; lastKnownFileType = image.jpeg; path = DefaultBackground.jpg; sourceTree = "<group>"; };
		A2AE01E5220B902D003F99D0 /* NSImage+RainyDayAdditions.h */ = {isa = PBXFileReference; lastKnownFileType = sourcecode.c.h; path = "NSImage+RainyDayAdditions.h"; sourceTree = "<group>"; };
		A2AE01E6220B902D003F99D0 /* NSImage+RainyDayAdditions.m */ = {isa = PBXFileReference; lastKnownFileType = sourcecode.c.objc; path = "NSImage+RainyDayAdditions.m"; sourceTree = "<group>"; };
		A2AE01E9220B94E5003F99D0 /* CoreImage.framework */ = {isa = PBXFileReference; lastKnownFileType = wrapper.framework; name = CoreImage.framework; path = System/Library/Frameworks/CoreImage.framework; sourceTree = SDKROOT; };
		A2AE01F7220E5D73003F99D0 /* en */ = {isa = PBXFileReference; lastKnownFileType = text.plist.strings; name = en; path = en.lproj/InfoPlist.strings; sourceTree = "<group>"; };
		A2AE01FD2211FE84003F99D0 /* NSObject+RainyDayAdditions.h */ = {isa = PBXFileReference; lastKnownFileType = sourcecode.c.h; path = "NSObject+RainyDayAdditions.h"; sourceTree = "<group>"; };
		A2AE01FE2211FE85003F99D0 /* NSObject+RainyDayAdditions.m */ = {isa = PBXFileReference; lastKnownFileType = sourcecode.c.objc; path = "NSObject+RainyDayAdditions.m"; sourceTree = "<group>"; };
		B7141168190A3FE0005A0B3C /* Rainy Day.saver */ = {isa = PBXFileReference; explicitFileType = wrapper.cfbundle; includeInIndex = 0; path = "Rainy Day.saver"; sourceTree = BUILT_PRODUCTS_DIR; };
		B714116B190A3FE0005A0B3C /* Cocoa.framework */ = {isa = PBXFileReference; lastKnownFileType = wrapper.framework; name = Cocoa.framework; path = System/Library/Frameworks/Cocoa.framework; sourceTree = SDKROOT; };
		B714116D190A3FE0005A0B3C /* ScreenSaver.framework */ = {isa = PBXFileReference; lastKnownFileType = wrapper.framework; name = ScreenSaver.framework; path = System/Library/Frameworks/ScreenSaver.framework; sourceTree = SDKROOT; };
		B7141170190A3FE0005A0B3C /* AppKit.framework */ = {isa = PBXFileReference; lastKnownFileType = wrapper.framework; name = AppKit.framework; path = System/Library/Frameworks/AppKit.framework; sourceTree = SDKROOT; };
		B7141172190A3FE0005A0B3C /* Foundation.framework */ = {isa = PBXFileReference; lastKnownFileType = wrapper.framework; name = Foundation.framework; path = System/Library/Frameworks/Foundation.framework; sourceTree = SDKROOT; };
		B7141175190A3FE0005A0B3C /* Info.plist */ = {isa = PBXFileReference; lastKnownFileType = text.plist.xml; path = Info.plist; sourceTree = "<group>"; };
		B7141179190A3FE0005A0B3C /* RainyDay-Prefix.pch */ = {isa = PBXFileReference; lastKnownFileType = sourcecode.c.h; path = "RainyDay-Prefix.pch"; sourceTree = "<group>"; };
		B714117A190A3FE0005A0B3C /* MPDRainyDayView.h */ = {isa = PBXFileReference; lastKnownFileType = sourcecode.c.h; path = MPDRainyDayView.h; sourceTree = "<group>"; };
		B714117B190A3FE0005A0B3C /* MPDRainyDayView.m */ = {isa = PBXFileReference; lastKnownFileType = sourcecode.c.objc; path = MPDRainyDayView.m; sourceTree = "<group>"; wrapsLines = 0; };
/* End PBXFileReference section */

/* Begin PBXFrameworksBuildPhase section */
		B7141163190A3FE0005A0B3C /* Frameworks */ = {
			isa = PBXFrameworksBuildPhase;
			buildActionMask = 2147483647;
			files = (
				B714116C190A3FE0005A0B3C /* Cocoa.framework in Frameworks */,
				A2AE01EA220B94E5003F99D0 /* CoreImage.framework in Frameworks */,
				B714116E190A3FE0005A0B3C /* ScreenSaver.framework in Frameworks */,
			);
			runOnlyForDeploymentPostprocessing = 0;
		};
/* End PBXFrameworksBuildPhase section */

/* Begin PBXGroup section */
		B714115D190A3FE0005A0B3C = {
			isa = PBXGroup;
			children = (
				B7141182190A409E005A0B3C /* Source */,
				B7141183190A4102005A0B3C /* Resources */,
				B7141174190A3FE0005A0B3C /* Supporting Files */,
				B714116A190A3FE0005A0B3C /* Frameworks */,
				B7141169190A3FE0005A0B3C /* Products */,
			);
			sourceTree = "<group>";
		};
		B7141169190A3FE0005A0B3C /* Products */ = {
			isa = PBXGroup;
			children = (
				B7141168190A3FE0005A0B3C /* Rainy Day.saver */,
			);
			name = Products;
			sourceTree = "<group>";
		};
		B714116A190A3FE0005A0B3C /* Frameworks */ = {
			isa = PBXGroup;
			children = (
				B714116B190A3FE0005A0B3C /* Cocoa.framework */,
				A2AE01E9220B94E5003F99D0 /* CoreImage.framework */,
				B714116D190A3FE0005A0B3C /* ScreenSaver.framework */,
				B714116F190A3FE0005A0B3C /* Other Frameworks */,
			);
			name = Frameworks;
			sourceTree = "<group>";
		};
		B714116F190A3FE0005A0B3C /* Other Frameworks */ = {
			isa = PBXGroup;
			children = (
				B7141170190A3FE0005A0B3C /* AppKit.framework */,
				B7141172190A3FE0005A0B3C /* Foundation.framework */,
			);
			name = "Other Frameworks";
			sourceTree = "<group>";
		};
		B7141174190A3FE0005A0B3C /* Supporting Files */ = {
			isa = PBXGroup;
			children = (
				B7141179190A3FE0005A0B3C /* RainyDay-Prefix.pch */,
			);
			name = "Supporting Files";
			path = Source;
			sourceTree = "<group>";
		};
		B7141182190A409E005A0B3C /* Source */ = {
			isa = PBXGroup;
			children = (
				B714117A190A3FE0005A0B3C /* MPDRainyDayView.h */,
				B714117B190A3FE0005A0B3C /* MPDRainyDayView.m */,
				A2AE01E5220B902D003F99D0 /* NSImage+RainyDayAdditions.h */,
				A2AE01E6220B902D003F99D0 /* NSImage+RainyDayAdditions.m */,
				A2AE01FD2211FE84003F99D0 /* NSObject+RainyDayAdditions.h */,
				A2AE01FE2211FE85003F99D0 /* NSObject+RainyDayAdditions.m */,
			);
			path = Source;
			sourceTree = "<group>";
		};
		B7141183190A4102005A0B3C /* Resources */ = {
			isa = PBXGroup;
			children = (
				B7141175190A3FE0005A0B3C /* Info.plist */,
				A2AE01F8220E5D73003F99D0 /* InfoPlist.strings */,
				A2AE01E1220A661F003F99D0 /* DefaultBackground.jpg */,
			);
			path = Resources;
			sourceTree = "<group>";
		};
/* End PBXGroup section */

/* Begin PBXHeadersBuildPhase section */
		B7141164190A3FE0005A0B3C /* Headers */ = {
			isa = PBXHeadersBuildPhase;
			buildActionMask = 2147483647;
			files = (
				A2AE01FF2211FE85003F99D0 /* NSObject+RainyDayAdditions.h in Headers */,
			);
			runOnlyForDeploymentPostprocessing = 0;
		};
/* End PBXHeadersBuildPhase section */

/* Begin PBXNativeTarget section */
		B7141167190A3FE0005A0B3C /* Rainy Day */ = {
			isa = PBXNativeTarget;
			buildConfigurationList = B714117F190A3FE0005A0B3C /* Build configuration list for PBXNativeTarget "Rainy Day" */;
			buildPhases = (
				B7141162190A3FE0005A0B3C /* Sources */,
				B7141163190A3FE0005A0B3C /* Frameworks */,
				B7141164190A3FE0005A0B3C /* Headers */,
				B7141165190A3FE0005A0B3C /* Resources */,
				B7141166190A3FE0005A0B3C /* Rez */,
			);
			buildRules = (
			);
			dependencies = (
			);
			name = "Rainy Day";
			productName = "Rainy Day";
			productReference = B7141168190A3FE0005A0B3C /* Rainy Day.saver */;
			productType = "com.apple.product-type.bundle";
		};
/* End PBXNativeTarget section */

/* Begin PBXProject section */
		B714115E190A3FE0005A0B3C /* Project object */ = {
			isa = PBXProject;
			attributes = {
				LastUpgradeCheck = 1010;
				ORGANIZATIONNAME = "Michael Dippery";
			};
			buildConfigurationList = B7141161190A3FE0005A0B3C /* Build configuration list for PBXProject "Rainy Day" */;
			compatibilityVersion = "Xcode 3.2";
			developmentRegion = English;
			hasScannedForEncodings = 0;
			knownRegions = (
				en,
			);
			mainGroup = B714115D190A3FE0005A0B3C;
			productRefGroup = B7141169190A3FE0005A0B3C /* Products */;
			projectDirPath = "";
			projectRoot = "";
			targets = (
				B7141167190A3FE0005A0B3C /* Rainy Day */,
			);
		};
/* End PBXProject section */

/* Begin PBXResourcesBuildPhase section */
		B7141165190A3FE0005A0B3C /* Resources */ = {
			isa = PBXResourcesBuildPhase;
			buildActionMask = 2147483647;
			files = (
				A2AE01E2220A661F003F99D0 /* DefaultBackground.jpg in Resources */,
				A2AE01F6220E5D73003F99D0 /* InfoPlist.strings in Resources */,
			);
			runOnlyForDeploymentPostprocessing = 0;
		};
/* End PBXResourcesBuildPhase section */

/* Begin PBXRezBuildPhase section */
		B7141166190A3FE0005A0B3C /* Rez */ = {
			isa = PBXRezBuildPhase;
			buildActionMask = 2147483647;
			files = (
			);
			runOnlyForDeploymentPostprocessing = 0;
		};
/* End PBXRezBuildPhase section */

/* Begin PBXSourcesBuildPhase section */
		B7141162190A3FE0005A0B3C /* Sources */ = {
			isa = PBXSourcesBuildPhase;
			buildActionMask = 2147483647;
			files = (
				A2AE01E8220B902D003F99D0 /* NSImage+RainyDayAdditions.m in Sources */,
				A2AE02002211FE85003F99D0 /* NSObject+RainyDayAdditions.m in Sources */,
				B714117C190A3FE0005A0B3C /* MPDRainyDayView.m in Sources */,
			);
			runOnlyForDeploymentPostprocessing = 0;
		};
/* End PBXSourcesBuildPhase section */

/* Begin PBXVariantGroup section */
		A2AE01F8220E5D73003F99D0 /* InfoPlist.strings */ = {
			isa = PBXVariantGroup;
			children = (
				A2AE01F7220E5D73003F99D0 /* en */,
			);
			name = InfoPlist.strings;
			sourceTree = "<group>";
		};
/* End PBXVariantGroup section */

/* Begin XCBuildConfiguration section */
		B714117D190A3FE0005A0B3C /* Debug */ = {
			isa = XCBuildConfiguration;
			buildSettings = {
				ALWAYS_SEARCH_USER_PATHS = NO;
				CLANG_CXX_LANGUAGE_STANDARD = "gnu++0x";
				CLANG_CXX_LIBRARY = "libc++";
				CLANG_ENABLE_MODULES = YES;
				CLANG_ENABLE_OBJC_ARC = YES;
				CLANG_WARN_BLOCK_CAPTURE_AUTORELEASING = YES;
				CLANG_WARN_BOOL_CONVERSION = YES;
				CLANG_WARN_COMMA = YES;
				CLANG_WARN_CONSTANT_CONVERSION = YES;
				CLANG_WARN_DEPRECATED_OBJC_IMPLEMENTATIONS = YES;
				CLANG_WARN_DIRECT_OBJC_ISA_USAGE = YES_ERROR;
				CLANG_WARN_EMPTY_BODY = YES;
				CLANG_WARN_ENUM_CONVERSION = YES;
				CLANG_WARN_INFINITE_RECURSION = YES;
				CLANG_WARN_INT_CONVERSION = YES;
				CLANG_WARN_NON_LITERAL_NULL_CONVERSION = YES;
				CLANG_WARN_OBJC_IMPLICIT_RETAIN_SELF = YES;
				CLANG_WARN_OBJC_LITERAL_CONVERSION = YES;
				CLANG_WARN_OBJC_ROOT_CLASS = YES_ERROR;
				CLANG_WARN_RANGE_LOOP_ANALYSIS = YES;
				CLANG_WARN_STRICT_PROTOTYPES = YES;
				CLANG_WARN_SUSPICIOUS_MOVE = YES;
				CLANG_WARN_UNREACHABLE_CODE = YES;
				CLANG_WARN__DUPLICATE_METHOD_MATCH = YES;
				COPY_PHASE_STRIP = NO;
				ENABLE_STRICT_OBJC_MSGSEND = YES;
				ENABLE_TESTABILITY = YES;
				GCC_C_LANGUAGE_STANDARD = gnu99;
				GCC_DYNAMIC_NO_PIC = NO;
				GCC_ENABLE_OBJC_EXCEPTIONS = YES;
				GCC_NO_COMMON_BLOCKS = YES;
				GCC_OPTIMIZATION_LEVEL = 0;
				GCC_PREPROCESSOR_DEFINITIONS = (
					"DEBUG=1",
					"$(inherited)",
				);
				GCC_SYMBOLS_PRIVATE_EXTERN = NO;
				GCC_WARN_64_TO_32_BIT_CONVERSION = YES;
				GCC_WARN_ABOUT_RETURN_TYPE = YES_ERROR;
				GCC_WARN_UNDECLARED_SELECTOR = YES;
				GCC_WARN_UNINITIALIZED_AUTOS = YES_AGGRESSIVE;
				GCC_WARN_UNUSED_FUNCTION = YES;
				GCC_WARN_UNUSED_VARIABLE = YES;
				MACOSX_DEPLOYMENT_TARGET = 10.9;
				ONLY_ACTIVE_ARCH = YES;
				SDKROOT = macosx;
			};
			name = Debug;
		};
		B714117E190A3FE0005A0B3C /* Release */ = {
			isa = XCBuildConfiguration;
			buildSettings = {
				ALWAYS_SEARCH_USER_PATHS = NO;
				CLANG_CXX_LANGUAGE_STANDARD = "gnu++0x";
				CLANG_CXX_LIBRARY = "libc++";
				CLANG_ENABLE_MODULES = YES;
				CLANG_ENABLE_OBJC_ARC = YES;
				CLANG_WARN_BLOCK_CAPTURE_AUTORELEASING = YES;
				CLANG_WARN_BOOL_CONVERSION = YES;
				CLANG_WARN_COMMA = YES;
				CLANG_WARN_CONSTANT_CONVERSION = YES;
				CLANG_WARN_DEPRECATED_OBJC_IMPLEMENTATIONS = YES;
				CLANG_WARN_DIRECT_OBJC_ISA_USAGE = YES_ERROR;
				CLANG_WARN_EMPTY_BODY = YES;
				CLANG_WARN_ENUM_CONVERSION = YES;
				CLANG_WARN_INFINITE_RECURSION = YES;
				CLANG_WARN_INT_CONVERSION = YES;
				CLANG_WARN_NON_LITERAL_NULL_CONVERSION = YES;
				CLANG_WARN_OBJC_IMPLICIT_RETAIN_SELF = YES;
				CLANG_WARN_OBJC_LITERAL_CONVERSION = YES;
				CLANG_WARN_OBJC_ROOT_CLASS = YES_ERROR;
				CLANG_WARN_RANGE_LOOP_ANALYSIS = YES;
				CLANG_WARN_STRICT_PROTOTYPES = YES;
				CLANG_WARN_SUSPICIOUS_MOVE = YES;
				CLANG_WARN_UNREACHABLE_CODE = YES;
				CLANG_WARN__DUPLICATE_METHOD_MATCH = YES;
				COPY_PHASE_STRIP = YES;
				DEBUG_INFORMATION_FORMAT = "dwarf-with-dsym";
				ENABLE_NS_ASSERTIONS = NO;
				ENABLE_STRICT_OBJC_MSGSEND = YES;
				GCC_C_LANGUAGE_STANDARD = gnu99;
				GCC_ENABLE_OBJC_EXCEPTIONS = YES;
				GCC_NO_COMMON_BLOCKS = YES;
				GCC_WARN_64_TO_32_BIT_CONVERSION = YES;
				GCC_WARN_ABOUT_RETURN_TYPE = YES_ERROR;
				GCC_WARN_UNDECLARED_SELECTOR = YES;
				GCC_WARN_UNINITIALIZED_AUTOS = YES_AGGRESSIVE;
				GCC_WARN_UNUSED_FUNCTION = YES;
				GCC_WARN_UNUSED_VARIABLE = YES;
				MACOSX_DEPLOYMENT_TARGET = 10.9;
				SDKROOT = macosx;
			};
			name = Release;
		};
		B7141180190A3FE0005A0B3C /* Debug */ = {
			isa = XCBuildConfiguration;
			buildSettings = {
				CLANG_ENABLE_OBJC_ARC = NO;
				CLANG_ENABLE_OBJC_WEAK = YES;
				COMBINE_HIDPI_IMAGES = YES;
				GCC_PRECOMPILE_PREFIX_HEADER = YES;
				GCC_PREFIX_HEADER = "Source/RainyDay-Prefix.pch";
				INFOPLIST_FILE = Resources/Info.plist;
				INSTALL_PATH = "$(HOME)/Library/Screen Savers";
				PRODUCT_BUNDLE_IDENTIFIER = "com.monkey-robot.${PRODUCT_NAME:rfc1034identifier}";
				PRODUCT_NAME = "$(TARGET_NAME)";
				WRAPPER_EXTENSION = saver;
			};
			name = Debug;
		};
		B7141181190A3FE0005A0B3C /* Release */ = {
			isa = XCBuildConfiguration;
			buildSettings = {
				CLANG_ENABLE_OBJC_ARC = NO;
				CLANG_ENABLE_OBJC_WEAK = YES;
				COMBINE_HIDPI_IMAGES = YES;
				GCC_PRECOMPILE_PREFIX_HEADER = YES;
				GCC_PREFIX_HEADER = "Source/RainyDay-Prefix.pch";
				INFOPLIST_FILE = Resources/Info.plist;
				INSTALL_PATH = "$(HOME)/Library/Screen Savers";
				PRODUCT_BUNDLE_IDENTIFIER = "com.monkey-robot.${PRODUCT_NAME:rfc1034identifier}";
				PRODUCT_NAME = "$(TARGET_NAME)";
				WRAPPER_EXTENSION = saver;
			};
			name = Release;
		};
/* End XCBuildConfiguration section */

/* Begin XCConfigurationList section */
		B7141161190A3FE0005A0B3C /* Build configuration list for PBXProject "Rainy Day" */ = {
			isa = XCConfigurationList;
			buildConfigurations = (
				B714117D190A3FE0005A0B3C /* Debug */,
				B714117E190A3FE0005A0B3C /* Release */,
			);
			defaultConfigurationIsVisible = 0;
			defaultConfigurationName = Release;
		};
		B714117F190A3FE0005A0B3C /* Build configuration list for PBXNativeTarget "Rainy Day" */ = {
			isa = XCConfigurationList;
			buildConfigurations = (
				B7141180190A3FE0005A0B3C /* Debug */,
				B7141181190A3FE0005A0B3C /* Release */,
			);
			defaultConfigurationIsVisible = 0;
			defaultConfigurationName = Release;
		};
/* End XCConfigurationList section */
	};
	rootObject = B714115E190A3FE0005A0B3C /* Project object */;
}
